
Microsoft Visual Studio Solution File, Format Version 12.00
# Visual Studio Version 17
VisualStudioVersion = 17.0.31903.59
MinimumVisualStudioVersion = 10.0.40219.1
Project("{FAE04EC0-301F-11D3-BF4B-00C04F79EFBC}") = "01Class", "01Class\01Class.csproj", "{9BD9EA42-CD7E-4B9E-9E6D-37DABA582E93}"
EndProject
Project("{FAE04EC0-301F-11D3-BF4B-00C04F79EFBC}") = "02Constructor", "02Constructor\02Constructor.csproj", "{81178321-C7F4-485E-AF32-CA1C2DD7F0D8}"
EndProject
Project("{FAE04EC0-301F-11D3-BF4B-00C04F79EFBC}") = "03GetSet", "03GetSet\03GetSet.csproj", "{F62032E9-00DE-4B54-9A09-347505BF0E7D}"
EndProject
Project("{FAE04EC0-301F-11D3-BF4B-00C04F79EFBC}") = "04Inheritance", "04Inheritance\04Inheritance.csproj", "{DCE4C513-C0FF-4219-8C66-8A6F3CB77DBA}"
EndProject
Project("{FAE04EC0-301F-11D3-BF4B-00C04F79EFBC}") = "05Overide", "05Overide\05Overide.csproj", "{CF6AE4C4-5220-43E9-9F92-6B75934E8899}"
EndProject
Project("{FAE04EC0-301F-11D3-BF4B-00C04F79EFBC}") = "06Abstraction", "06ConcreteClass\06Abstraction.csproj", "{818576FA-E746-4E7D-BEB3-30EE000D694B}"
EndProject
Project("{FAE04EC0-301F-11D3-BF4B-00C04F79EFBC}") = "00Inheritance", "00Inheritance\00Inheritance.csproj", "{328FF754-D693-414A-987C-6C7E86909D63}"
EndProject
Project("{FAE04EC0-301F-11D3-BF4B-00C04F79EFBC}") = "05A. Virtual Override", "05A. Virtual Override\05A. Virtual Override.csproj", "{34F31356-C378-4D34-A261-AD6A4414687F}"
EndProject
Project("{FAE04EC0-301F-11D3-BF4B-00C04F79EFBC}") = "Namespaces", "Namespaces\Namespaces.csproj", "{B8834BFC-F1FD-4F2A-9571-5CBB4910DA9D}"
EndProject
Project("{FAE04EC0-301F-11D3-BF4B-00C04F79EFBC}") = "MethodHiding", "MethodHiding\MethodHiding.csproj", "{E2E7C785-5C83-4056-93FB-AE4D16CA777C}"
EndProject
Project("{FAE04EC0-301F-11D3-BF4B-00C04F79EFBC}") = "Interface", "Interface\Interface.csproj", "{EB752DD0-C414-4A47-B957-D520D0D6D8BA}"
EndProject
Project("{FAE04EC0-301F-11D3-BF4B-00C04F79EFBC}") = "Trial", "Trial\Trial.csproj", "{6A9040EB-F766-483A-AC22-1EA2C297D037}"
EndProject
Global
	GlobalSection(SolutionConfigurationPlatforms) = preSolution
		Debug|Any CPU = Debug|Any CPU
		Release|Any CPU = Release|Any CPU
	EndGlobalSection
	GlobalSection(SolutionProperties) = preSolution
		HideSolutionNode = FALSE
	EndGlobalSection
	GlobalSection(ProjectConfigurationPlatforms) = postSolution
		{81A8605C-88AA-4DF5-B288-71AB8C59A894}.Debug|Any CPU.ActiveCfg = Debug|Any CPU
		{81A8605C-88AA-4DF5-B288-71AB8C59A894}.Debug|Any CPU.Build.0 = Debug|Any CPU
		{81A8605C-88AA-4DF5-B288-71AB8C59A894}.Release|Any CPU.ActiveCfg = Release|Any CPU
		{81A8605C-88AA-4DF5-B288-71AB8C59A894}.Release|Any CPU.Build.0 = Release|Any CPU
		{EFF478C0-D115-490A-A7BA-1FB88D1710AB}.Debug|Any CPU.ActiveCfg = Debug|Any CPU
		{EFF478C0-D115-490A-A7BA-1FB88D1710AB}.Debug|Any CPU.Build.0 = Debug|Any CPU
		{EFF478C0-D115-490A-A7BA-1FB88D1710AB}.Release|Any CPU.ActiveCfg = Release|Any CPU
		{EFF478C0-D115-490A-A7BA-1FB88D1710AB}.Release|Any CPU.Build.0 = Release|Any CPU
		{74733DCF-24D1-446A-B0D7-C0A0C6892AF1}.Debug|Any CPU.ActiveCfg = Debug|Any CPU
		{74733DCF-24D1-446A-B0D7-C0A0C6892AF1}.Debug|Any CPU.Build.0 = Debug|Any CPU
		{74733DCF-24D1-446A-B0D7-C0A0C6892AF1}.Release|Any CPU.ActiveCfg = Release|Any CPU
		{74733DCF-24D1-446A-B0D7-C0A0C6892AF1}.Release|Any CPU.Build.0 = Release|Any CPU
		{969919EF-E711-44CA-9EEB-9773A4B53EFA}.Debug|Any CPU.ActiveCfg = Debug|Any CPU
		{969919EF-E711-44CA-9EEB-9773A4B53EFA}.Debug|Any CPU.Build.0 = Debug|Any CPU
		{969919EF-E711-44CA-9EEB-9773A4B53EFA}.Release|Any CPU.ActiveCfg = Release|Any CPU
		{969919EF-E711-44CA-9EEB-9773A4B53EFA}.Release|Any CPU.Build.0 = Release|Any CPU
		{1E50135D-D703-49F9-A316-699BEC6AEFA5}.Debug|Any CPU.ActiveCfg = Debug|Any CPU
		{1E50135D-D703-49F9-A316-699BEC6AEFA5}.Debug|Any CPU.Build.0 = Debug|Any CPU
		{1E50135D-D703-49F9-A316-699BEC6AEFA5}.Release|Any CPU.ActiveCfg = Release|Any CPU
		{1E50135D-D703-49F9-A316-699BEC6AEFA5}.Release|Any CPU.Build.0 = Release|Any CPU
		{4F741484-1AC2-4665-A61E-19512BAE6F70}.Debug|Any CPU.ActiveCfg = Debug|Any CPU
		{4F741484-1AC2-4665-A61E-19512BAE6F70}.Debug|Any CPU.Build.0 = Debug|Any CPU
		{4F741484-1AC2-4665-A61E-19512BAE6F70}.Release|Any CPU.ActiveCfg = Release|Any CPU
		{4F741484-1AC2-4665-A61E-19512BAE6F70}.Release|Any CPU.Build.0 = Release|Any CPU
		{B5ED0DA4-4134-4B72-B7CB-C3EFF01CDE82}.Debug|Any CPU.ActiveCfg = Debug|Any CPU
		{B5ED0DA4-4134-4B72-B7CB-C3EFF01CDE82}.Debug|Any CPU.Build.0 = Debug|Any CPU
		{B5ED0DA4-4134-4B72-B7CB-C3EFF01CDE82}.Release|Any CPU.ActiveCfg = Release|Any CPU
		{B5ED0DA4-4134-4B72-B7CB-C3EFF01CDE82}.Release|Any CPU.Build.0 = Release|Any CPU
		{CC6575DE-CFD8-4D98-BAF2-13785288577C}.Debug|Any CPU.ActiveCfg = Debug|Any CPU
		{CC6575DE-CFD8-4D98-BAF2-13785288577C}.Debug|Any CPU.Build.0 = Debug|Any CPU
		{CC6575DE-CFD8-4D98-BAF2-13785288577C}.Release|Any CPU.ActiveCfg = Release|Any CPU
		{CC6575DE-CFD8-4D98-BAF2-13785288577C}.Release|Any CPU.Build.0 = Release|Any CPU
		{210E1D26-7697-4105-A0CA-79C92C1BE3E7}.Debug|Any CPU.ActiveCfg = Debug|Any CPU
		{210E1D26-7697-4105-A0CA-79C92C1BE3E7}.Debug|Any CPU.Build.0 = Debug|Any CPU
		{210E1D26-7697-4105-A0CA-79C92C1BE3E7}.Release|Any CPU.ActiveCfg = Release|Any CPU
		{210E1D26-7697-4105-A0CA-79C92C1BE3E7}.Release|Any CPU.Build.0 = Release|Any CPU
		{DB9C7958-4600-4D4F-A323-A7B45F6E64A4}.Debug|Any CPU.ActiveCfg = Debug|Any CPU
		{DB9C7958-4600-4D4F-A323-A7B45F6E64A4}.Debug|Any CPU.Build.0 = Debug|Any CPU
		{DB9C7958-4600-4D4F-A323-A7B45F6E64A4}.Release|Any CPU.ActiveCfg = Release|Any CPU
		{DB9C7958-4600-4D4F-A323-A7B45F6E64A4}.Release|Any CPU.Build.0 = Release|Any CPU
		{9BD9EA42-CD7E-4B9E-9E6D-37DABA582E93}.Debug|Any CPU.ActiveCfg = Debug|Any CPU
		{9BD9EA42-CD7E-4B9E-9E6D-37DABA582E93}.Debug|Any CPU.Build.0 = Debug|Any CPU
		{9BD9EA42-CD7E-4B9E-9E6D-37DABA582E93}.Release|Any CPU.ActiveCfg = Release|Any CPU
		{9BD9EA42-CD7E-4B9E-9E6D-37DABA582E93}.Release|Any CPU.Build.0 = Release|Any CPU
		{81178321-C7F4-485E-AF32-CA1C2DD7F0D8}.Debug|Any CPU.ActiveCfg = Debug|Any CPU
		{81178321-C7F4-485E-AF32-CA1C2DD7F0D8}.Debug|Any CPU.Build.0 = Debug|Any CPU
		{81178321-C7F4-485E-AF32-CA1C2DD7F0D8}.Release|Any CPU.ActiveCfg = Release|Any CPU
		{81178321-C7F4-485E-AF32-CA1C2DD7F0D8}.Release|Any CPU.Build.0 = Release|Any CPU
		{F62032E9-00DE-4B54-9A09-347505BF0E7D}.Debug|Any CPU.ActiveCfg = Debug|Any CPU
		{F62032E9-00DE-4B54-9A09-347505BF0E7D}.Debug|Any CPU.Build.0 = Debug|Any CPU
		{F62032E9-00DE-4B54-9A09-347505BF0E7D}.Release|Any CPU.ActiveCfg = Release|Any CPU
		{F62032E9-00DE-4B54-9A09-347505BF0E7D}.Release|Any CPU.Build.0 = Release|Any CPU
		{DCE4C513-C0FF-4219-8C66-8A6F3CB77DBA}.Debug|Any CPU.ActiveCfg = Debug|Any CPU
		{DCE4C513-C0FF-4219-8C66-8A6F3CB77DBA}.Debug|Any CPU.Build.0 = Debug|Any CPU
		{DCE4C513-C0FF-4219-8C66-8A6F3CB77DBA}.Release|Any CPU.ActiveCfg = Release|Any CPU
		{DCE4C513-C0FF-4219-8C66-8A6F3CB77DBA}.Release|Any CPU.Build.0 = Release|Any CPU
		{CF6AE4C4-5220-43E9-9F92-6B75934E8899}.Debug|Any CPU.ActiveCfg = Debug|Any CPU
		{CF6AE4C4-5220-43E9-9F92-6B75934E8899}.Debug|Any CPU.Build.0 = Debug|Any CPU
		{CF6AE4C4-5220-43E9-9F92-6B75934E8899}.Release|Any CPU.ActiveCfg = Release|Any CPU
		{CF6AE4C4-5220-43E9-9F92-6B75934E8899}.Release|Any CPU.Build.0 = Release|Any CPU
		{818576FA-E746-4E7D-BEB3-30EE000D694B}.Debug|Any CPU.ActiveCfg = Debug|Any CPU
		{818576FA-E746-4E7D-BEB3-30EE000D694B}.Debug|Any CPU.Build.0 = Debug|Any CPU
		{818576FA-E746-4E7D-BEB3-30EE000D694B}.Release|Any CPU.ActiveCfg = Release|Any CPU
		{818576FA-E746-4E7D-BEB3-30EE000D694B}.Release|Any CPU.Build.0 = Release|Any CPU
		{328FF754-D693-414A-987C-6C7E86909D63}.Debug|Any CPU.ActiveCfg = Debug|Any CPU
		{328FF754-D693-414A-987C-6C7E86909D63}.Debug|Any CPU.Build.0 = Debug|Any CPU
		{328FF754-D693-414A-987C-6C7E86909D63}.Release|Any CPU.ActiveCfg = Release|Any CPU
		{328FF754-D693-414A-987C-6C7E86909D63}.Release|Any CPU.Build.0 = Release|Any CPU
		{34F31356-C378-4D34-A261-AD6A4414687F}.Debug|Any CPU.ActiveCfg = Debug|Any CPU
		{34F31356-C378-4D34-A261-AD6A4414687F}.Debug|Any CPU.Build.0 = Debug|Any CPU
		{34F31356-C378-4D34-A261-AD6A4414687F}.Release|Any CPU.ActiveCfg = Release|Any CPU
		{34F31356-C378-4D34-A261-AD6A4414687F}.Release|Any CPU.Build.0 = Release|Any CPU
		{B8834BFC-F1FD-4F2A-9571-5CBB4910DA9D}.Debug|Any CPU.ActiveCfg = Debug|Any CPU
		{B8834BFC-F1FD-4F2A-9571-5CBB4910DA9D}.Debug|Any CPU.Build.0 = Debug|Any CPU
		{B8834BFC-F1FD-4F2A-9571-5CBB4910DA9D}.Release|Any CPU.ActiveCfg = Release|Any CPU
		{B8834BFC-F1FD-4F2A-9571-5CBB4910DA9D}.Release|Any CPU.Build.0 = Release|Any CPU
		{E2E7C785-5C83-4056-93FB-AE4D16CA777C}.Debug|Any CPU.ActiveCfg = Debug|Any CPU
		{E2E7C785-5C83-4056-93FB-AE4D16CA777C}.Debug|Any CPU.Build.0 = Debug|Any CPU
		{E2E7C785-5C83-4056-93FB-AE4D16CA777C}.Release|Any CPU.ActiveCfg = Release|Any CPU
		{E2E7C785-5C83-4056-93FB-AE4D16CA777C}.Release|Any CPU.Build.0 = Release|Any CPU
		{EB752DD0-C414-4A47-B957-D520D0D6D8BA}.Debug|Any CPU.ActiveCfg = Debug|Any CPU
		{EB752DD0-C414-4A47-B957-D520D0D6D8BA}.Debug|Any CPU.Build.0 = Debug|Any CPU
		{EB752DD0-C414-4A47-B957-D520D0D6D8BA}.Release|Any CPU.ActiveCfg = Release|Any CPU
		{EB752DD0-C414-4A47-B957-D520D0D6D8BA}.Release|Any CPU.Build.0 = Release|Any CPU
		{6A9040EB-F766-483A-AC22-1EA2C297D037}.Debug|Any CPU.ActiveCfg = Debug|Any CPU
		{6A9040EB-F766-483A-AC22-1EA2C297D037}.Debug|Any CPU.Build.0 = Debug|Any CPU
		{6A9040EB-F766-483A-AC22-1EA2C297D037}.Release|Any CPU.ActiveCfg = Release|Any CPU
		{6A9040EB-F766-483A-AC22-1EA2C297D037}.Release|Any CPU.Build.0 = Release|Any CPU
	EndGlobalSection
EndGlobal
